
Microsoft Visual Studio Solution File, Format Version 12.00
Project("{FAE04EC0-301F-11D3-BF4B-00C04F79EFBC}") = "TermiBot.Console", "TermiBot.Console\TermiBot.Console.csproj", "{C2B77B7A-B213-4689-A940-3642142AE9BB}"
EndProject
Global
	GlobalSection(SolutionConfigurationPlatforms) = preSolution
		Debug|Any CPU = Debug|Any CPU
		Release|Any CPU = Release|Any CPU
	EndGlobalSection
	GlobalSection(ProjectConfigurationPlatforms) = postSolution
		{C2B77B7A-B213-4689-A940-3642142AE9BB}.Debug|Any CPU.ActiveCfg = Debug|Any CPU
		{C2B77B7A-B213-4689-A940-3642142AE9BB}.Debug|Any CPU.Build.0 = Debug|Any CPU
		{C2B77B7A-B213-4689-A940-3642142AE9BB}.Release|Any CPU.ActiveCfg = Release|Any CPU
		{C2B77B7A-B213-4689-A940-3642142AE9BB}.Release|Any CPU.Build.0 = Release|Any CPU
	EndGlobalSection
EndGlobal
